
Microsoft Visual Studio Solution File, Format Version 12.00
# Visual Studio Version 17
VisualStudioVersion = 17.10.35027.167
MinimumVisualStudioVersion = 10.0.40219.1
Project("{9A19103F-16F7-4668-BE54-9A1E7A4F7556}") = "Share App", "Share App.csproj", "{DF220392-C49D-45F5-9BE5-5160D397DE93}"
EndProject
Project("{54435603-DBB4-11D2-8724-00A0C9A8B90C}") = "EasyTransfer", "..\EasyTransfer\EasyTransfer.vdproj", "{2437C462-D6F5-4875-8D95-8252CC200DD4}"
EndProject
Global
	GlobalSection(SolutionConfigurationPlatforms) = preSolution
		Debug|Any CPU = Debug|Any CPU
		Release|Any CPU = Release|Any CPU
	EndGlobalSection
	GlobalSection(ProjectConfigurationPlatforms) = postSolution
		{DF220392-C49D-45F5-9BE5-5160D397DE93}.Debug|Any CPU.ActiveCfg = Debug|Any CPU
		{DF220392-C49D-45F5-9BE5-5160D397DE93}.Debug|Any CPU.Build.0 = Debug|Any CPU
		{DF220392-C49D-45F5-9BE5-5160D397DE93}.Release|Any CPU.ActiveCfg = Release|Any CPU
		{DF220392-C49D-45F5-9BE5-5160D397DE93}.Release|Any CPU.Build.0 = Release|Any CPU
		{2437C462-D6F5-4875-8D95-8252CC200DD4}.Debug|Any CPU.ActiveCfg = Debug
		{2437C462-D6F5-4875-8D95-8252CC200DD4}.Release|Any CPU.ActiveCfg = Release
	EndGlobalSection
	GlobalSection(SolutionProperties) = preSolution
		HideSolutionNode = FALSE
	EndGlobalSection
	GlobalSection(ExtensibilityGlobals) = postSolution
		SolutionGuid = {907E17E8-F5E7-44E9-9B3D-7F23679E1A99}
	EndGlobalSection
EndGlobal
